
Microsoft Visual Studio Solution File, Format Version 12.00
# Visual Studio 2013
VisualStudioVersion = 12.0.30501.0
MinimumVisualStudioVersion = 10.0.40219.1
Project("{8BC9CEB8-8B4A-11D0-8D11-00A0C91BC942}") = "vodl", "vodl\vodl.vcxproj", "{9BFB8C75-DD6D-46D8-BC78-F98775353FCB}"
	ProjectSection(ProjectDependencies) = postProject
		{603C006D-247A-4007-B1E0-3EC7EBBA14FA} = {603C006D-247A-4007-B1E0-3EC7EBBA14FA}
	EndProjectSection
EndProject
Project("{8BC9CEB8-8B4A-11D0-8D11-00A0C91BC942}") = "vodlparserlexer", "vodlparserlexer\vodlparserlexer.vcxproj", "{603C006D-247A-4007-B1E0-3EC7EBBA14FA}"
EndProject
Project("{8BC9CEB8-8B4A-11D0-8D11-00A0C91BC942}") = "vodltest", "vodltest\vodltest.vcxproj", "{F8438963-A3EF-487E-8075-46BB24F28272}"
	ProjectSection(ProjectDependencies) = postProject
		{603C006D-247A-4007-B1E0-3EC7EBBA14FA} = {603C006D-247A-4007-B1E0-3EC7EBBA14FA}
		{9BFB8C75-DD6D-46D8-BC78-F98775353FCB} = {9BFB8C75-DD6D-46D8-BC78-F98775353FCB}
	EndProjectSection
EndProject
Global
	GlobalSection(SolutionConfigurationPlatforms) = preSolution
		Debug|Win32 = Debug|Win32
		Debug|x64 = Debug|x64
		Release|Win32 = Release|Win32
		Release|x64 = Release|x64
	EndGlobalSection
	GlobalSection(ProjectConfigurationPlatforms) = postSolution
		{9BFB8C75-DD6D-46D8-BC78-F98775353FCB}.Debug|Win32.ActiveCfg = Debug|Win32
		{9BFB8C75-DD6D-46D8-BC78-F98775353FCB}.Debug|Win32.Build.0 = Debug|Win32
		{9BFB8C75-DD6D-46D8-BC78-F98775353FCB}.Debug|x64.ActiveCfg = Debug|x64
		{9BFB8C75-DD6D-46D8-BC78-F98775353FCB}.Debug|x64.Build.0 = Debug|x64
		{9BFB8C75-DD6D-46D8-BC78-F98775353FCB}.Release|Win32.ActiveCfg = Release|Win32
		{9BFB8C75-DD6D-46D8-BC78-F98775353FCB}.Release|Win32.Build.0 = Release|Win32
		{9BFB8C75-DD6D-46D8-BC78-F98775353FCB}.Release|x64.ActiveCfg = Release|x64
		{9BFB8C75-DD6D-46D8-BC78-F98775353FCB}.Release|x64.Build.0 = Release|x64
		{603C006D-247A-4007-B1E0-3EC7EBBA14FA}.Debug|Win32.ActiveCfg = Debug|Win32
		{603C006D-247A-4007-B1E0-3EC7EBBA14FA}.Debug|Win32.Build.0 = Debug|Win32
		{603C006D-247A-4007-B1E0-3EC7EBBA14FA}.Debug|x64.ActiveCfg = Debug|x64
		{603C006D-247A-4007-B1E0-3EC7EBBA14FA}.Debug|x64.Build.0 = Debug|x64
		{603C006D-247A-4007-B1E0-3EC7EBBA14FA}.Release|Win32.ActiveCfg = Release|Win32
		{603C006D-247A-4007-B1E0-3EC7EBBA14FA}.Release|Win32.Build.0 = Release|Win32
		{603C006D-247A-4007-B1E0-3EC7EBBA14FA}.Release|x64.ActiveCfg = Release|x64
		{603C006D-247A-4007-B1E0-3EC7EBBA14FA}.Release|x64.Build.0 = Release|x64
		{F8438963-A3EF-487E-8075-46BB24F28272}.Debug|Win32.ActiveCfg = Debug|Win32
		{F8438963-A3EF-487E-8075-46BB24F28272}.Debug|Win32.Build.0 = Debug|Win32
		{F8438963-A3EF-487E-8075-46BB24F28272}.Debug|x64.ActiveCfg = Debug|x64
		{F8438963-A3EF-487E-8075-46BB24F28272}.Debug|x64.Build.0 = Debug|x64
		{F8438963-A3EF-487E-8075-46BB24F28272}.Release|Win32.ActiveCfg = Release|Win32
		{F8438963-A3EF-487E-8075-46BB24F28272}.Release|Win32.Build.0 = Release|Win32
		{F8438963-A3EF-487E-8075-46BB24F28272}.Release|x64.ActiveCfg = Release|x64
		{F8438963-A3EF-487E-8075-46BB24F28272}.Release|x64.Build.0 = Release|x64
	EndGlobalSection
	GlobalSection(SolutionProperties) = preSolution
		HideSolutionNode = FALSE
	EndGlobalSection
EndGlobal
